
Microsoft Visual Studio Solution File, Format Version 12.00
# Visual Studio Version 17
VisualStudioVersion = 17.12.35527.113 d17.12
MinimumVisualStudioVersion = 10.0.40219.1
Project("{2150E333-8FDC-42A3-9474-1A3956D46DE8}") = "Ptr_Sgt", "Ptr_Sgt", "{79EC4647-C4F7-42F3-8B6E-648780072192}"
EndProject
Project("{FAE04EC0-301F-11D3-BF4B-00C04F79EFBC}") = "Singenton", "Singenton\Singenton.csproj", "{300D6AE2-74E8-4BCF-9D81-CCE1B9F995FE}"
EndProject
Global
	GlobalSection(SolutionConfigurationPlatforms) = preSolution
		Debug|Any CPU = Debug|Any CPU
		Release|Any CPU = Release|Any CPU
	EndGlobalSection
	GlobalSection(ProjectConfigurationPlatforms) = postSolution
		{300D6AE2-74E8-4BCF-9D81-CCE1B9F995FE}.Debug|Any CPU.ActiveCfg = Debug|Any CPU
		{300D6AE2-74E8-4BCF-9D81-CCE1B9F995FE}.Debug|Any CPU.Build.0 = Debug|Any CPU
		{300D6AE2-74E8-4BCF-9D81-CCE1B9F995FE}.Release|Any CPU.ActiveCfg = Release|Any CPU
		{300D6AE2-74E8-4BCF-9D81-CCE1B9F995FE}.Release|Any CPU.Build.0 = Release|Any CPU
	EndGlobalSection
	GlobalSection(SolutionProperties) = preSolution
		HideSolutionNode = FALSE
	EndGlobalSection
	GlobalSection(NestedProjects) = preSolution
		{300D6AE2-74E8-4BCF-9D81-CCE1B9F995FE} = {79EC4647-C4F7-42F3-8B6E-648780072192}
	EndGlobalSection
EndGlobal
